
Microsoft Visual Studio Solution File, Format Version 12.00
# Visual Studio Version 16
VisualStudioVersion = 16.0.30804.86
MinimumVisualStudioVersion = 10.0.40219.1
Project("{9A19103F-16F7-4668-BE54-9A1E7A4F7556}") = "NetCore5_Identity", "NetCore5_Identity\NetCore5_Identity.csproj", "{1914313B-6D78-470D-8B5A-38312AC3740F}"
EndProject
Global
	GlobalSection(SolutionConfigurationPlatforms) = preSolution
		Debug|Any CPU = Debug|Any CPU
		Release|Any CPU = Release|Any CPU
	EndGlobalSection
	GlobalSection(ProjectConfigurationPlatforms) = postSolution
		{1914313B-6D78-470D-8B5A-38312AC3740F}.Debug|Any CPU.ActiveCfg = Debug|Any CPU
		{1914313B-6D78-470D-8B5A-38312AC3740F}.Debug|Any CPU.Build.0 = Debug|Any CPU
		{1914313B-6D78-470D-8B5A-38312AC3740F}.Release|Any CPU.ActiveCfg = Release|Any CPU
		{1914313B-6D78-470D-8B5A-38312AC3740F}.Release|Any CPU.Build.0 = Release|Any CPU
	EndGlobalSection
	GlobalSection(SolutionProperties) = preSolution
		HideSolutionNode = FALSE
	EndGlobalSection
	GlobalSection(ExtensibilityGlobals) = postSolution
		SolutionGuid = {00F13C8D-27BB-40F0-BB18-EB64233404D9}
	EndGlobalSection
EndGlobal
